
Microsoft Visual Studio Solution File, Format Version 12.00
# Visual Studio Version 16
VisualStudioVersion = 16.0.29519.181
MinimumVisualStudioVersion = 10.0.40219.1
Project("{FAE04EC0-301F-11D3-BF4B-00C04F79EFBC}") = "Li.PlanChecker", "Li.PlanChecker\Li.PlanChecker.csproj", "{74B00772-1FC8-435A-AE05-612CB1261061}"
EndProject
Global
	GlobalSection(SolutionConfigurationPlatforms) = preSolution
		Debug|Any CPU = Debug|Any CPU
		Debug|x64 = Debug|x64
		Release|Any CPU = Release|Any CPU
		Release|x64 = Release|x64
	EndGlobalSection
	GlobalSection(ProjectConfigurationPlatforms) = postSolution
		{74B00772-1FC8-435A-AE05-612CB1261061}.Debug|Any CPU.ActiveCfg = Debug|Any CPU
		{74B00772-1FC8-435A-AE05-612CB1261061}.Debug|Any CPU.Build.0 = Debug|Any CPU
		{74B00772-1FC8-435A-AE05-612CB1261061}.Debug|x64.ActiveCfg = Debug|x64
		{74B00772-1FC8-435A-AE05-612CB1261061}.Debug|x64.Build.0 = Debug|x64
		{74B00772-1FC8-435A-AE05-612CB1261061}.Release|Any CPU.ActiveCfg = Release|Any CPU
		{74B00772-1FC8-435A-AE05-612CB1261061}.Release|Any CPU.Build.0 = Release|Any CPU
		{74B00772-1FC8-435A-AE05-612CB1261061}.Release|x64.ActiveCfg = Release|x64
		{74B00772-1FC8-435A-AE05-612CB1261061}.Release|x64.Build.0 = Release|x64
	EndGlobalSection
	GlobalSection(SolutionProperties) = preSolution
		HideSolutionNode = FALSE
	EndGlobalSection
	GlobalSection(ExtensibilityGlobals) = postSolution
		SolutionGuid = {54BF6868-7985-4A10-B22D-02156170339F}
	EndGlobalSection
EndGlobal
